
Microsoft Visual Studio Solution File, Format Version 12.00
# Visual Studio 15
VisualStudioVersion = 15.0.28307.1000
MinimumVisualStudioVersion = 10.0.40219.1
Project("{FAE04EC0-301F-11D3-BF4B-00C04F79EFBC}") = "bgb.netcore.mes", "bgb.netcore.mes\bgb.netcore.mes.csproj", "{BAAF2D1A-244A-406E-BA3B-1051D42147ED}"
EndProject
Project("{FAE04EC0-301F-11D3-BF4B-00C04F79EFBC}") = "bgb.netcore.mes.Application", "bgb.netcore.mes.Application\bgb.netcore.mes.Application.csproj", "{77C0683F-1F3A-42AC-BDF0-FEA73F13D50B}"
EndProject
Project("{FAE04EC0-301F-11D3-BF4B-00C04F79EFBC}") = "bgb.netcore.mes.Domain", "bgb.netcore.mes.Domain\bgb.netcore.mes.Domain.csproj", "{10B60F1A-11AD-4B4E-9E0C-C6DDFE7B4567}"
EndProject
Project("{FAE04EC0-301F-11D3-BF4B-00C04F79EFBC}") = "bgb.netcore.mes.EntityFrameworkCore", "bgb.netcore.mes.EntityFrameworkCore\bgb.netcore.mes.EntityFrameworkCore.csproj", "{9AF503DE-DCD2-4B1A-B0C2-56B35B0D7866}"
EndProject
Project("{FAE04EC0-301F-11D3-BF4B-00C04F79EFBC}") = "bgb.netcore.mes.Utility", "bgb.netcore.mes.Utility\bgb.netcore.mes.Utility.csproj", "{3CAD1C55-DF4D-42EB-A2D4-EA344E6E400D}"
EndProject
Global
	GlobalSection(SolutionConfigurationPlatforms) = preSolution
		Debug|Any CPU = Debug|Any CPU
		Release|Any CPU = Release|Any CPU
	EndGlobalSection
	GlobalSection(ProjectConfigurationPlatforms) = postSolution
		{BAAF2D1A-244A-406E-BA3B-1051D42147ED}.Debug|Any CPU.ActiveCfg = Debug|Any CPU
		{BAAF2D1A-244A-406E-BA3B-1051D42147ED}.Debug|Any CPU.Build.0 = Debug|Any CPU
		{BAAF2D1A-244A-406E-BA3B-1051D42147ED}.Release|Any CPU.ActiveCfg = Release|Any CPU
		{BAAF2D1A-244A-406E-BA3B-1051D42147ED}.Release|Any CPU.Build.0 = Release|Any CPU
		{77C0683F-1F3A-42AC-BDF0-FEA73F13D50B}.Debug|Any CPU.ActiveCfg = Debug|Any CPU
		{77C0683F-1F3A-42AC-BDF0-FEA73F13D50B}.Debug|Any CPU.Build.0 = Debug|Any CPU
		{77C0683F-1F3A-42AC-BDF0-FEA73F13D50B}.Release|Any CPU.ActiveCfg = Release|Any CPU
		{77C0683F-1F3A-42AC-BDF0-FEA73F13D50B}.Release|Any CPU.Build.0 = Release|Any CPU
		{10B60F1A-11AD-4B4E-9E0C-C6DDFE7B4567}.Debug|Any CPU.ActiveCfg = Debug|Any CPU
		{10B60F1A-11AD-4B4E-9E0C-C6DDFE7B4567}.Debug|Any CPU.Build.0 = Debug|Any CPU
		{10B60F1A-11AD-4B4E-9E0C-C6DDFE7B4567}.Release|Any CPU.ActiveCfg = Release|Any CPU
		{10B60F1A-11AD-4B4E-9E0C-C6DDFE7B4567}.Release|Any CPU.Build.0 = Release|Any CPU
		{9AF503DE-DCD2-4B1A-B0C2-56B35B0D7866}.Debug|Any CPU.ActiveCfg = Debug|Any CPU
		{9AF503DE-DCD2-4B1A-B0C2-56B35B0D7866}.Debug|Any CPU.Build.0 = Debug|Any CPU
		{9AF503DE-DCD2-4B1A-B0C2-56B35B0D7866}.Release|Any CPU.ActiveCfg = Release|Any CPU
		{9AF503DE-DCD2-4B1A-B0C2-56B35B0D7866}.Release|Any CPU.Build.0 = Release|Any CPU
		{3CAD1C55-DF4D-42EB-A2D4-EA344E6E400D}.Debug|Any CPU.ActiveCfg = Debug|Any CPU
		{3CAD1C55-DF4D-42EB-A2D4-EA344E6E400D}.Debug|Any CPU.Build.0 = Debug|Any CPU
		{3CAD1C55-DF4D-42EB-A2D4-EA344E6E400D}.Release|Any CPU.ActiveCfg = Release|Any CPU
		{3CAD1C55-DF4D-42EB-A2D4-EA344E6E400D}.Release|Any CPU.Build.0 = Release|Any CPU
	EndGlobalSection
	GlobalSection(SolutionProperties) = preSolution
		HideSolutionNode = FALSE
	EndGlobalSection
	GlobalSection(ExtensibilityGlobals) = postSolution
		SolutionGuid = {261C6C28-1B61-412D-858C-202ED470D4FC}
	EndGlobalSection
EndGlobal
